
Microsoft Visual Studio Solution File, Format Version 12.00
# Visual Studio Version 18
VisualStudioVersion = 18.0.11217.181 d18.0
MinimumVisualStudioVersion = 10.0.40219.1
Project("{9A19103F-16F7-4668-BE54-9A1E7A4F7556}") = "Heroes.ReplayParser", "Heroes.ReplayParser\Heroes.ReplayParser\Heroes.ReplayParser.csproj", "{DBC8EE33-736A-4F11-BB28-DF561F05C92E}"
EndProject
Project("{9A19103F-16F7-4668-BE54-9A1E7A4F7556}") = "MyReplayLibrary", "MyReplayLibrary\MyReplayLibrary.csproj", "{60D9249A-D4FD-4E05-B867-0660E9AFF9FD}"
EndProject
Project("{9A19103F-16F7-4668-BE54-9A1E7A4F7556}") = "MyHotsCli", "MyHotsCli\MyHotsCli.csproj", "{30D8C372-4645-476E-9C44-E91B5C062C4F}"
EndProject
Project("{9A19103F-16F7-4668-BE54-9A1E7A4F7556}") = "CascLibCore", "CascLibCore\CascLibCore.csproj", "{ED4EAA04-6714-40F4-97CC-460842ABE850}"
EndProject
Project("{9A19103F-16F7-4668-BE54-9A1E7A4F7556}") = "CascScraperCore", "CascScraperCore\CascScraperCore.csproj", "{D518E4F7-51A0-4359-9971-D2FCAF830C09}"
EndProject
Project("{9A19103F-16F7-4668-BE54-9A1E7A4F7556}") = "HotsScraper", "HotsScraper\HotsScraper.csproj", "{5CE427E3-69BD-4CDD-82E9-1E7350ED3E98}"
EndProject
Project("{9A19103F-16F7-4668-BE54-9A1E7A4F7556}") = "TrialsAndTests", "TrialsAndTests\TrialsAndTests.csproj", "{E09C4766-0CAD-465D-A37D-9DA0CEFB5CC4}"
EndProject
Project("{9A19103F-16F7-4668-BE54-9A1E7A4F7556}") = "MyHotsInfo.Extensions", "MyHotsInfo.Extensions\MyHotsInfo.Extensions.csproj", "{8E2CB001-0254-415D-A5AD-4E32EB53E802}"
EndProject
Project("{FAE04EC0-301F-11D3-BF4B-00C04F79EFBC}") = "CASCExplorer", "CASCExplorer\CASCExplorer\CASCExplorer.csproj", "{ECA80814-A72E-4643-B571-A5C041E73B65}"
EndProject
Project("{2150E333-8FDC-42A3-9474-1A3956D46DE8}") = "Old", "Old", "{7F1C421E-FFE0-4C0F-A44A-00911EC384A6}"
EndProject
Project("{FAE04EC0-301F-11D3-BF4B-00C04F79EFBC}") = "CascLib", "CASCExplorer\CascLib\CascLib.csproj", "{E08E1E48-6585-4137-8405-661C62C10713}"
EndProject
Project("{FAE04EC0-301F-11D3-BF4B-00C04F79EFBC}") = "SereniaBLPLib", "CASCExplorer\SereniaBLPLib\SereniaBLPLib\SereniaBLPLib.csproj", "{733D64D3-14CB-430E-9988-8B0037FF80FF}"
EndProject
Project("{FAE04EC0-301F-11D3-BF4B-00C04F79EFBC}") = "MyHotsInfo", "MyHotsInfo\MyHotsInfo.csproj", "{6D9AF0B4-709C-48EA-A045-C3C1DB717D56}"
EndProject
Project("{FAE04EC0-301F-11D3-BF4B-00C04F79EFBC}") = "SqlLikeToRegex", "W:\sql-like-to-regex\SqlLikeToRegex\SqlLikeToRegex.csproj", "{4F92FE33-A3F3-DD8A-0E31-BFA40F2571F8}"
EndProject
Project("{FAE04EC0-301F-11D3-BF4B-00C04F79EFBC}") = "CASCExplorerCore", "CASCExplorerCore\CASCExplorerCore.csproj", "{96519D62-70DB-4726-A09D-05F2781CA705}"
EndProject
Project("{FAE04EC0-301F-11D3-BF4B-00C04F79EFBC}") = "SereniaBLPLibCore", "SereniaBLPLibCore\SereniaBLPLibCore.csproj", "{5B7A0C59-5A70-4527-B736-910057EDAD5D}"
EndProject
Global
	GlobalSection(SolutionConfigurationPlatforms) = preSolution
		Debug|Any CPU = Debug|Any CPU
		Debug|x64 = Debug|x64
		Release|Any CPU = Release|Any CPU
		Release|x64 = Release|x64
	EndGlobalSection
	GlobalSection(ProjectConfigurationPlatforms) = postSolution
		{DBC8EE33-736A-4F11-BB28-DF561F05C92E}.Debug|Any CPU.ActiveCfg = Debug|Any CPU
		{DBC8EE33-736A-4F11-BB28-DF561F05C92E}.Debug|Any CPU.Build.0 = Debug|Any CPU
		{DBC8EE33-736A-4F11-BB28-DF561F05C92E}.Debug|x64.ActiveCfg = Debug|Any CPU
		{DBC8EE33-736A-4F11-BB28-DF561F05C92E}.Debug|x64.Build.0 = Debug|Any CPU
		{DBC8EE33-736A-4F11-BB28-DF561F05C92E}.Release|Any CPU.ActiveCfg = Release|Any CPU
		{DBC8EE33-736A-4F11-BB28-DF561F05C92E}.Release|Any CPU.Build.0 = Release|Any CPU
		{DBC8EE33-736A-4F11-BB28-DF561F05C92E}.Release|x64.ActiveCfg = Release|Any CPU
		{DBC8EE33-736A-4F11-BB28-DF561F05C92E}.Release|x64.Build.0 = Release|Any CPU
		{60D9249A-D4FD-4E05-B867-0660E9AFF9FD}.Debug|Any CPU.ActiveCfg = Debug|Any CPU
		{60D9249A-D4FD-4E05-B867-0660E9AFF9FD}.Debug|Any CPU.Build.0 = Debug|Any CPU
		{60D9249A-D4FD-4E05-B867-0660E9AFF9FD}.Debug|x64.ActiveCfg = Debug|Any CPU
		{60D9249A-D4FD-4E05-B867-0660E9AFF9FD}.Release|Any CPU.ActiveCfg = Release|Any CPU
		{60D9249A-D4FD-4E05-B867-0660E9AFF9FD}.Release|Any CPU.Build.0 = Release|Any CPU
		{60D9249A-D4FD-4E05-B867-0660E9AFF9FD}.Release|x64.ActiveCfg = Release64|x64
		{30D8C372-4645-476E-9C44-E91B5C062C4F}.Debug|Any CPU.ActiveCfg = Debug|Any CPU
		{30D8C372-4645-476E-9C44-E91B5C062C4F}.Debug|Any CPU.Build.0 = Debug|Any CPU
		{30D8C372-4645-476E-9C44-E91B5C062C4F}.Debug|x64.ActiveCfg = Debug|Any CPU
		{30D8C372-4645-476E-9C44-E91B5C062C4F}.Debug|x64.Build.0 = Debug|Any CPU
		{30D8C372-4645-476E-9C44-E91B5C062C4F}.Release|Any CPU.ActiveCfg = Release|Any CPU
		{30D8C372-4645-476E-9C44-E91B5C062C4F}.Release|Any CPU.Build.0 = Release|Any CPU
		{30D8C372-4645-476E-9C44-E91B5C062C4F}.Release|x64.ActiveCfg = Release|Any CPU
		{30D8C372-4645-476E-9C44-E91B5C062C4F}.Release|x64.Build.0 = Release|Any CPU
		{ED4EAA04-6714-40F4-97CC-460842ABE850}.Debug|Any CPU.ActiveCfg = Debug|Any CPU
		{ED4EAA04-6714-40F4-97CC-460842ABE850}.Debug|Any CPU.Build.0 = Debug|Any CPU
		{ED4EAA04-6714-40F4-97CC-460842ABE850}.Debug|x64.ActiveCfg = Debug|Any CPU
		{ED4EAA04-6714-40F4-97CC-460842ABE850}.Debug|x64.Build.0 = Debug|Any CPU
		{ED4EAA04-6714-40F4-97CC-460842ABE850}.Release|Any CPU.ActiveCfg = Release|Any CPU
		{ED4EAA04-6714-40F4-97CC-460842ABE850}.Release|Any CPU.Build.0 = Release|Any CPU
		{ED4EAA04-6714-40F4-97CC-460842ABE850}.Release|x64.ActiveCfg = Release|Any CPU
		{ED4EAA04-6714-40F4-97CC-460842ABE850}.Release|x64.Build.0 = Release|Any CPU
		{D518E4F7-51A0-4359-9971-D2FCAF830C09}.Debug|Any CPU.ActiveCfg = Debug|Any CPU
		{D518E4F7-51A0-4359-9971-D2FCAF830C09}.Debug|Any CPU.Build.0 = Debug|Any CPU
		{D518E4F7-51A0-4359-9971-D2FCAF830C09}.Debug|x64.ActiveCfg = Debug|Any CPU
		{D518E4F7-51A0-4359-9971-D2FCAF830C09}.Debug|x64.Build.0 = Debug|Any CPU
		{D518E4F7-51A0-4359-9971-D2FCAF830C09}.Release|Any CPU.ActiveCfg = Release|Any CPU
		{D518E4F7-51A0-4359-9971-D2FCAF830C09}.Release|Any CPU.Build.0 = Release|Any CPU
		{D518E4F7-51A0-4359-9971-D2FCAF830C09}.Release|x64.ActiveCfg = Release|Any CPU
		{D518E4F7-51A0-4359-9971-D2FCAF830C09}.Release|x64.Build.0 = Release|Any CPU
		{5CE427E3-69BD-4CDD-82E9-1E7350ED3E98}.Debug|Any CPU.ActiveCfg = Debug|Any CPU
		{5CE427E3-69BD-4CDD-82E9-1E7350ED3E98}.Debug|Any CPU.Build.0 = Debug|Any CPU
		{5CE427E3-69BD-4CDD-82E9-1E7350ED3E98}.Debug|x64.ActiveCfg = Debug|Any CPU
		{5CE427E3-69BD-4CDD-82E9-1E7350ED3E98}.Debug|x64.Build.0 = Debug|Any CPU
		{5CE427E3-69BD-4CDD-82E9-1E7350ED3E98}.Release|Any CPU.ActiveCfg = Release|Any CPU
		{5CE427E3-69BD-4CDD-82E9-1E7350ED3E98}.Release|Any CPU.Build.0 = Release|Any CPU
		{5CE427E3-69BD-4CDD-82E9-1E7350ED3E98}.Release|x64.ActiveCfg = Release|Any CPU
		{5CE427E3-69BD-4CDD-82E9-1E7350ED3E98}.Release|x64.Build.0 = Release|Any CPU
		{E09C4766-0CAD-465D-A37D-9DA0CEFB5CC4}.Debug|Any CPU.ActiveCfg = Debug|Any CPU
		{E09C4766-0CAD-465D-A37D-9DA0CEFB5CC4}.Debug|Any CPU.Build.0 = Debug|Any CPU
		{E09C4766-0CAD-465D-A37D-9DA0CEFB5CC4}.Debug|x64.ActiveCfg = Debug|Any CPU
		{E09C4766-0CAD-465D-A37D-9DA0CEFB5CC4}.Debug|x64.Build.0 = Debug|Any CPU
		{E09C4766-0CAD-465D-A37D-9DA0CEFB5CC4}.Release|Any CPU.ActiveCfg = Release|Any CPU
		{E09C4766-0CAD-465D-A37D-9DA0CEFB5CC4}.Release|Any CPU.Build.0 = Release|Any CPU
		{E09C4766-0CAD-465D-A37D-9DA0CEFB5CC4}.Release|x64.ActiveCfg = Release|Any CPU
		{E09C4766-0CAD-465D-A37D-9DA0CEFB5CC4}.Release|x64.Build.0 = Release|Any CPU
		{8E2CB001-0254-415D-A5AD-4E32EB53E802}.Debug|Any CPU.ActiveCfg = Debug|Any CPU
		{8E2CB001-0254-415D-A5AD-4E32EB53E802}.Debug|Any CPU.Build.0 = Debug|Any CPU
		{8E2CB001-0254-415D-A5AD-4E32EB53E802}.Debug|x64.ActiveCfg = Debug|Any CPU
		{8E2CB001-0254-415D-A5AD-4E32EB53E802}.Debug|x64.Build.0 = Debug|Any CPU
		{8E2CB001-0254-415D-A5AD-4E32EB53E802}.Release|Any CPU.ActiveCfg = Release|Any CPU
		{8E2CB001-0254-415D-A5AD-4E32EB53E802}.Release|Any CPU.Build.0 = Release|Any CPU
		{8E2CB001-0254-415D-A5AD-4E32EB53E802}.Release|x64.ActiveCfg = Release|Any CPU
		{8E2CB001-0254-415D-A5AD-4E32EB53E802}.Release|x64.Build.0 = Release|Any CPU
		{ECA80814-A72E-4643-B571-A5C041E73B65}.Debug|Any CPU.ActiveCfg = Debug|Any CPU
		{ECA80814-A72E-4643-B571-A5C041E73B65}.Debug|x64.ActiveCfg = Debug|Any CPU
		{ECA80814-A72E-4643-B571-A5C041E73B65}.Debug|x64.Build.0 = Debug|Any CPU
		{ECA80814-A72E-4643-B571-A5C041E73B65}.Release|Any CPU.ActiveCfg = Release|Any CPU
		{ECA80814-A72E-4643-B571-A5C041E73B65}.Release|Any CPU.Build.0 = Release|Any CPU
		{ECA80814-A72E-4643-B571-A5C041E73B65}.Release|x64.ActiveCfg = Release|Any CPU
		{ECA80814-A72E-4643-B571-A5C041E73B65}.Release|x64.Build.0 = Release|Any CPU
		{E08E1E48-6585-4137-8405-661C62C10713}.Debug|Any CPU.ActiveCfg = Debug|Any CPU
		{E08E1E48-6585-4137-8405-661C62C10713}.Debug|Any CPU.Build.0 = Debug|Any CPU
		{E08E1E48-6585-4137-8405-661C62C10713}.Debug|x64.ActiveCfg = Debug|Any CPU
		{E08E1E48-6585-4137-8405-661C62C10713}.Debug|x64.Build.0 = Debug|Any CPU
		{E08E1E48-6585-4137-8405-661C62C10713}.Release|Any CPU.ActiveCfg = Release|Any CPU
		{E08E1E48-6585-4137-8405-661C62C10713}.Release|Any CPU.Build.0 = Release|Any CPU
		{E08E1E48-6585-4137-8405-661C62C10713}.Release|x64.ActiveCfg = Release|Any CPU
		{E08E1E48-6585-4137-8405-661C62C10713}.Release|x64.Build.0 = Release|Any CPU
		{733D64D3-14CB-430E-9988-8B0037FF80FF}.Debug|Any CPU.ActiveCfg = Debug|Any CPU
		{733D64D3-14CB-430E-9988-8B0037FF80FF}.Debug|Any CPU.Build.0 = Debug|Any CPU
		{733D64D3-14CB-430E-9988-8B0037FF80FF}.Debug|x64.ActiveCfg = Debug|Any CPU
		{733D64D3-14CB-430E-9988-8B0037FF80FF}.Debug|x64.Build.0 = Debug|Any CPU
		{733D64D3-14CB-430E-9988-8B0037FF80FF}.Release|Any CPU.ActiveCfg = Release|Any CPU
		{733D64D3-14CB-430E-9988-8B0037FF80FF}.Release|Any CPU.Build.0 = Release|Any CPU
		{733D64D3-14CB-430E-9988-8B0037FF80FF}.Release|x64.ActiveCfg = Release|Any CPU
		{733D64D3-14CB-430E-9988-8B0037FF80FF}.Release|x64.Build.0 = Release|Any CPU
		{6D9AF0B4-709C-48EA-A045-C3C1DB717D56}.Debug|Any CPU.ActiveCfg = Debug|Any CPU
		{6D9AF0B4-709C-48EA-A045-C3C1DB717D56}.Debug|Any CPU.Build.0 = Debug|Any CPU
		{6D9AF0B4-709C-48EA-A045-C3C1DB717D56}.Debug|Any CPU.Deploy.0 = Debug|Any CPU
		{6D9AF0B4-709C-48EA-A045-C3C1DB717D56}.Debug|x64.ActiveCfg = Debug|Any CPU
		{6D9AF0B4-709C-48EA-A045-C3C1DB717D56}.Debug|x64.Build.0 = Debug|Any CPU
		{6D9AF0B4-709C-48EA-A045-C3C1DB717D56}.Release|Any CPU.ActiveCfg = Release|Any CPU
		{6D9AF0B4-709C-48EA-A045-C3C1DB717D56}.Release|Any CPU.Build.0 = Release|Any CPU
		{6D9AF0B4-709C-48EA-A045-C3C1DB717D56}.Release|Any CPU.Deploy.0 = Release|Any CPU
		{6D9AF0B4-709C-48EA-A045-C3C1DB717D56}.Release|x64.ActiveCfg = Release|Any CPU
		{6D9AF0B4-709C-48EA-A045-C3C1DB717D56}.Release|x64.Build.0 = Release|Any CPU
		{4F92FE33-A3F3-DD8A-0E31-BFA40F2571F8}.Debug|Any CPU.ActiveCfg = Debug|Any CPU
		{4F92FE33-A3F3-DD8A-0E31-BFA40F2571F8}.Debug|Any CPU.Build.0 = Debug|Any CPU
		{4F92FE33-A3F3-DD8A-0E31-BFA40F2571F8}.Debug|x64.ActiveCfg = Debug|Any CPU
		{4F92FE33-A3F3-DD8A-0E31-BFA40F2571F8}.Debug|x64.Build.0 = Debug|Any CPU
		{4F92FE33-A3F3-DD8A-0E31-BFA40F2571F8}.Release|Any CPU.ActiveCfg = Release|Any CPU
		{4F92FE33-A3F3-DD8A-0E31-BFA40F2571F8}.Release|Any CPU.Build.0 = Release|Any CPU
		{4F92FE33-A3F3-DD8A-0E31-BFA40F2571F8}.Release|x64.ActiveCfg = Release|Any CPU
		{4F92FE33-A3F3-DD8A-0E31-BFA40F2571F8}.Release|x64.Build.0 = Release|Any CPU
		{96519D62-70DB-4726-A09D-05F2781CA705}.Debug|Any CPU.ActiveCfg = Debug|Any CPU
		{96519D62-70DB-4726-A09D-05F2781CA705}.Debug|Any CPU.Build.0 = Debug|Any CPU
		{96519D62-70DB-4726-A09D-05F2781CA705}.Debug|x64.ActiveCfg = Debug|Any CPU
		{96519D62-70DB-4726-A09D-05F2781CA705}.Debug|x64.Build.0 = Debug|Any CPU
		{96519D62-70DB-4726-A09D-05F2781CA705}.Release|Any CPU.ActiveCfg = Release|Any CPU
		{96519D62-70DB-4726-A09D-05F2781CA705}.Release|Any CPU.Build.0 = Release|Any CPU
		{96519D62-70DB-4726-A09D-05F2781CA705}.Release|x64.ActiveCfg = Release|Any CPU
		{96519D62-70DB-4726-A09D-05F2781CA705}.Release|x64.Build.0 = Release|Any CPU
		{5B7A0C59-5A70-4527-B736-910057EDAD5D}.Debug|Any CPU.ActiveCfg = Debug|Any CPU
		{5B7A0C59-5A70-4527-B736-910057EDAD5D}.Debug|Any CPU.Build.0 = Debug|Any CPU
		{5B7A0C59-5A70-4527-B736-910057EDAD5D}.Debug|x64.ActiveCfg = Debug|Any CPU
		{5B7A0C59-5A70-4527-B736-910057EDAD5D}.Debug|x64.Build.0 = Debug|Any CPU
		{5B7A0C59-5A70-4527-B736-910057EDAD5D}.Release|Any CPU.ActiveCfg = Release|Any CPU
		{5B7A0C59-5A70-4527-B736-910057EDAD5D}.Release|Any CPU.Build.0 = Release|Any CPU
		{5B7A0C59-5A70-4527-B736-910057EDAD5D}.Release|x64.ActiveCfg = Release|Any CPU
		{5B7A0C59-5A70-4527-B736-910057EDAD5D}.Release|x64.Build.0 = Release|Any CPU
	EndGlobalSection
	GlobalSection(SolutionProperties) = preSolution
		HideSolutionNode = FALSE
	EndGlobalSection
	GlobalSection(NestedProjects) = preSolution
		{ECA80814-A72E-4643-B571-A5C041E73B65} = {7F1C421E-FFE0-4C0F-A44A-00911EC384A6}
		{E08E1E48-6585-4137-8405-661C62C10713} = {7F1C421E-FFE0-4C0F-A44A-00911EC384A6}
		{733D64D3-14CB-430E-9988-8B0037FF80FF} = {7F1C421E-FFE0-4C0F-A44A-00911EC384A6}
		{96519D62-70DB-4726-A09D-05F2781CA705} = {7F1C421E-FFE0-4C0F-A44A-00911EC384A6}
		{5B7A0C59-5A70-4527-B736-910057EDAD5D} = {7F1C421E-FFE0-4C0F-A44A-00911EC384A6}
	EndGlobalSection
	GlobalSection(ExtensibilityGlobals) = postSolution
		SolutionGuid = {1F6251A0-5FFD-4D3B-9FC0-086370798BD4}
	EndGlobalSection
EndGlobal
